
Microsoft Visual Studio Solution File, Format Version 12.00
# Visual Studio 15
VisualStudioVersion = 15.0.26730.15
MinimumVisualStudioVersion = 10.0.40219.1
Project("{FAE04EC0-301F-11D3-BF4B-00C04F79EFBC}") = "MobileAppProject", "MobileAppProject\MobileAppProject.csproj", "{EC048888-6A03-4322-AF8F-242A4775946B}"
EndProject
Global
	GlobalSection(SolutionConfigurationPlatforms) = preSolution
		Debug|ARM = Debug|ARM
		Debug|x64 = Debug|x64
		Debug|x86 = Debug|x86
		Release|ARM = Release|ARM
		Release|x64 = Release|x64
		Release|x86 = Release|x86
	EndGlobalSection
	GlobalSection(ProjectConfigurationPlatforms) = postSolution
		{EC048888-6A03-4322-AF8F-242A4775946B}.Debug|ARM.ActiveCfg = Debug|ARM
		{EC048888-6A03-4322-AF8F-242A4775946B}.Debug|ARM.Build.0 = Debug|ARM
		{EC048888-6A03-4322-AF8F-242A4775946B}.Debug|ARM.Deploy.0 = Debug|ARM
		{EC048888-6A03-4322-AF8F-242A4775946B}.Debug|x64.ActiveCfg = Debug|x64
		{EC048888-6A03-4322-AF8F-242A4775946B}.Debug|x64.Build.0 = Debug|x64
		{EC048888-6A03-4322-AF8F-242A4775946B}.Debug|x64.Deploy.0 = Debug|x64
		{EC048888-6A03-4322-AF8F-242A4775946B}.Debug|x86.ActiveCfg = Debug|x86
		{EC048888-6A03-4322-AF8F-242A4775946B}.Debug|x86.Build.0 = Debug|x86
		{EC048888-6A03-4322-AF8F-242A4775946B}.Debug|x86.Deploy.0 = Debug|x86
		{EC048888-6A03-4322-AF8F-242A4775946B}.Release|ARM.ActiveCfg = Release|ARM
		{EC048888-6A03-4322-AF8F-242A4775946B}.Release|ARM.Build.0 = Release|ARM
		{EC048888-6A03-4322-AF8F-242A4775946B}.Release|ARM.Deploy.0 = Release|ARM
		{EC048888-6A03-4322-AF8F-242A4775946B}.Release|x64.ActiveCfg = Release|x64
		{EC048888-6A03-4322-AF8F-242A4775946B}.Release|x64.Build.0 = Release|x64
		{EC048888-6A03-4322-AF8F-242A4775946B}.Release|x64.Deploy.0 = Release|x64
		{EC048888-6A03-4322-AF8F-242A4775946B}.Release|x86.ActiveCfg = Release|x86
		{EC048888-6A03-4322-AF8F-242A4775946B}.Release|x86.Build.0 = Release|x86
		{EC048888-6A03-4322-AF8F-242A4775946B}.Release|x86.Deploy.0 = Release|x86
	EndGlobalSection
	GlobalSection(SolutionProperties) = preSolution
		HideSolutionNode = FALSE
	EndGlobalSection
	GlobalSection(ExtensibilityGlobals) = postSolution
		SolutionGuid = {9FCF35A1-129B-4934-B9F4-BE941BA38053}
	EndGlobalSection
EndGlobal
